{
  "version": "5",
  "specifiers": {
    "jsr:@charlesw/taglib-wasm@1.0.0-beta.10": "1.0.0-beta.10",
    "jsr:@charlesw/taglib-wasm@1.0.0-beta.11": "1.0.0-beta.11",
    "jsr:@charlesw/taglib-wasm@1.0.0-beta.7": "1.0.0-beta.7",
    "jsr:@charlesw/taglib-wasm@1.0.0-beta.8": "1.0.0-beta.8",
    "jsr:@charlesw/taglib-wasm@1.0.0-beta.9": "1.0.0-beta.9",
    "jsr:@cliffy/command@1.0.0": "1.0.0",
    "jsr:@cliffy/flags@1.0.0": "1.0.0",
    "jsr:@cliffy/internal@1.0.0": "1.0.0",
    "jsr:@cliffy/table@1.0.0": "1.0.0",
    "jsr:@std/assert@*": "1.0.18",
    "jsr:@std/assert@1.0.18": "1.0.18",
    "jsr:@std/assert@^1.0.17": "1.0.18",
    "jsr:@std/dotenv@*": "0.225.6",
    "jsr:@std/dotenv@0.225.6": "0.225.6",
    "jsr:@std/fmt@^1.0.9": "1.0.9",
    "jsr:@std/fs@*": "1.0.22",
    "jsr:@std/fs@1.0.22": "1.0.22",
    "jsr:@std/internal@^1.0.12": "1.0.12",
    "jsr:@std/path@*": "1.1.4",
    "jsr:@std/path@1.1.4": "1.1.4",
    "jsr:@std/path@^1.1.4": "1.1.4",
    "jsr:@std/semver@*": "1.0.8",
    "jsr:@std/testing@*": "1.0.17",
    "jsr:@std/testing@1.0.17": "1.0.17",
    "jsr:@std/text@^1.0.17": "1.0.17",
    "npm:@msgpack/msgpack@^3.1.3": "3.1.3",
    "npm:@wasmer/sdk@0.10": "0.10.0"
  },
  "jsr": {
    "@charlesw/taglib-wasm@1.0.0-beta.7": {
      "integrity": "e75a4992f0c7c8cbc902507000ce0eaa5cb37046a553b99bbaaa6336a1a494d0",
      "dependencies": [
        "npm:@msgpack/msgpack",
        "npm:@wasmer/sdk"
      ]
    },
    "@charlesw/taglib-wasm@1.0.0-beta.8": {
      "integrity": "18a106dbb00ca4394b9e9338ed6e73894aa2b15b2ecadc3da7e6cc38852c1c05",
      "dependencies": [
        "npm:@msgpack/msgpack",
        "npm:@wasmer/sdk"
      ]
    },
    "@charlesw/taglib-wasm@1.0.0-beta.9": {
      "integrity": "3b624c2a14295395cc821f29dd5fe2e137742628877ebeced8f65ad900b03f17",
      "dependencies": [
        "npm:@msgpack/msgpack",
        "npm:@wasmer/sdk"
      ]
    },
    "@charlesw/taglib-wasm@1.0.0-beta.10": {
      "integrity": "ba8147a29493cb84d3ffc591753e65335bed9fb577553e7d738930a5dcc85281",
      "dependencies": [
        "npm:@msgpack/msgpack",
        "npm:@wasmer/sdk"
      ]
    },
    "@charlesw/taglib-wasm@1.0.0-beta.11": {
      "integrity": "119ebdcb93ee0c49937eba1e3251307494e53f09686b24b82e0b3634f49de052",
      "dependencies": [
        "npm:@msgpack/msgpack",
        "npm:@wasmer/sdk"
      ]
    },
    "@cliffy/command@1.0.0": {
      "integrity": "c52a241ea68857fcdaff4f3173eb404f8017d7bc35553b6f533c592b89dde7d2",
      "dependencies": [
        "jsr:@cliffy/flags",
        "jsr:@cliffy/internal",
        "jsr:@cliffy/table",
        "jsr:@std/fmt",
        "jsr:@std/text"
      ]
    },
    "@cliffy/flags@1.0.0": {
      "integrity": "8b57698adc644da8f90422d58976362d41a4ebca39c312ca1c101585d0148feb",
      "dependencies": [
        "jsr:@cliffy/internal",
        "jsr:@std/text"
      ]
    },
    "@cliffy/internal@1.0.0": {
      "integrity": "1e17ccbcd5420093c0a93e5b3827bbdc9abac5195bacf187edc44665e54bdde6"
    },
    "@cliffy/table@1.0.0": {
      "integrity": "3fdaa9e1ef1ea62022108adabd826932bdea8dd05497079896febcd41322907f",
      "dependencies": [
        "jsr:@std/fmt"
      ]
    },
    "@std/assert@1.0.18": {
      "integrity": "270245e9c2c13b446286de475131dc688ca9abcd94fc5db41d43a219b34d1c78",
      "dependencies": [
        "jsr:@std/internal"
      ]
    },
    "@std/dotenv@0.225.6": {
      "integrity": "1d6f9db72f565bd26790fa034c26e45ecb260b5245417be76c2279e5734c421b"
    },
    "@std/fmt@1.0.9": {
      "integrity": "2487343e8899fb2be5d0e3d35013e54477ada198854e52dd05ed0422eddcabe0"
    },
    "@std/fs@1.0.22": {
      "integrity": "de0f277a58a867147a8a01bc1b181d0dfa80bfddba8c9cf2bacd6747bcec9308",
      "dependencies": [
        "jsr:@std/internal",
        "jsr:@std/path@^1.1.4"
      ]
    },
    "@std/internal@1.0.12": {
      "integrity": "972a634fd5bc34b242024402972cd5143eac68d8dffaca5eaa4dba30ce17b027"
    },
    "@std/path@1.1.4": {
      "integrity": "1d2d43f39efb1b42f0b1882a25486647cb851481862dc7313390b2bb044314b5",
      "dependencies": [
        "jsr:@std/internal"
      ]
    },
    "@std/semver@1.0.8": {
      "integrity": "dc830e8b8b6a380c895d53fbfd1258dc253704ca57bbe1629ac65fd7830179b7"
    },
    "@std/testing@1.0.17": {
      "integrity": "87bdc2700fa98249d48a17cd72413352d3d3680dcfbdb64947fd0982d6bbf681",
      "dependencies": [
        "jsr:@std/assert@^1.0.17",
        "jsr:@std/internal"
      ]
    },
    "@std/text@1.0.17": {
      "integrity": "4b2c4ef67ae5b6c1dfd447c81c83a43718f52e3c7e748d8b33f694aba9895f95"
    }
  },
  "npm": {
    "@msgpack/msgpack@3.1.3": {
      "integrity": "sha512-47XIizs9XZXvuJgoaJUIE2lFoID8ugvc0jzSHP+Ptfk8nTbnR8g788wv48N03Kx0UkAv559HWRQ3yzOgzlRNUA=="
    },
    "@wasmer/sdk@0.10.0": {
      "integrity": "sha512-YQ+s5tGag6P/I8kp9BTH+XhjoS9UFvWiZJvnWEEovClHffhYToKhprWr4UJG7wLP7c/2HQpGkF7ZrjoUvKjdmA==",
      "dependencies": [
        "web-worker"
      ]
    },
    "web-worker@1.5.0": {
      "integrity": "sha512-RiMReJrTAiA+mBjGONMnjVDP2u3p9R1vkcGz6gDIrOMT3oGuYwX2WRMYI9ipkphSuE5XKEhydbhNEJh4NY9mlw=="
    }
  },
  "workspace": {
    "dependencies": [
      "jsr:@charlesw/taglib-wasm@1.0.0-beta.11",
      "jsr:@cliffy/command@1.0.0",
      "jsr:@cliffy/table@1.0.0",
      "jsr:@std/assert@1.0.18",
      "jsr:@std/dotenv@0.225.6",
      "jsr:@std/fs@1.0.22",
      "jsr:@std/path@1.1.4",
      "jsr:@std/semver@1.0.8",
      "jsr:@std/testing@1.0.17"
    ]
  }
}
